// !$*UTF8*$!
{
	archiveVersion = 1;
	classes = {
	};
	objectVersion = 50;
	objects = {

/* Begin PBXBuildFile section */
		AB7F3341251B6D3600669EED /* AppDelegate.swift in Sources */ = {isa = PBXBuildFile; fileRef = AB7F3340251B6D3600669EED /* AppDelegate.swift */; };
		AB7F3343251B6D3600669EED /* SceneDelegate.swift in Sources */ = {isa = PBXBuildFile; fileRef = AB7F3342251B6D3600669EED /* SceneDelegate.swift */; };
		AB7F3345251B6D3600669EED /* TodoListTableViewController.swift in Sources */ = {isa = PBXBuildFile; fileRef = AB7F3344251B6D3600669EED /* TodoListTableViewController.swift */; };
		AB7F3348251B6D3600669EED /* Main.storyboard in Resources */ = {isa = PBXBuildFile; fileRef = AB7F3346251B6D3600669EED /* Main.storyboard */; };
		AB7F334A251B6D3800669EED /* Assets.xcassets in Resources */ = {isa = PBXBuildFile; fileRef = AB7F3349251B6D3800669EED /* Assets.xcassets */; };
		AB7F334D251B6D3800669EED /* LaunchScreen.storyboard in Resources */ = {isa = PBXBuildFile; fileRef = AB7F334B251B6D3800669EED /* LaunchScreen.storyboard */; };
		AB7F3356251B6DAA00669EED /* Constants.swift in Sources */ = {isa = PBXBuildFile; fileRef = AB7F3355251B6DAA00669EED /* Constants.swift */; };
/* End PBXBuildFile section */

/* Begin PBXFileReference section */
		AB7F333D251B6D3600669EED /* TodoList-ISO13.app */ = {isa = PBXFileReference; explicitFileType = wrapper.application; includeInIndex = 0; path = "TodoList-ISO13.app"; sourceTree = BUILT_PRODUCTS_DIR; };
		AB7F3340251B6D3600669EED /* AppDelegate.swift */ = {isa = PBXFileReference; lastKnownFileType = sourcecode.swift; path = AppDelegate.swift; sourceTree = "<group>"; };
		AB7F3342251B6D3600669EED /* SceneDelegate.swift */ = {isa = PBXFileReference; lastKnownFileType = sourcecode.swift; path = SceneDelegate.swift; sourceTree = "<group>"; };
		AB7F3344251B6D3600669EED /* TodoListTableViewController.swift */ = {isa = PBXFileReference; lastKnownFileType = sourcecode.swift; path = TodoListTableViewController.swift; sourceTree = "<group>"; };
		AB7F3347251B6D3600669EED /* Base */ = {isa = PBXFileReference; lastKnownFileType = file.storyboard; name = Base; path = Base.lproj/Main.storyboard; sourceTree = "<group>"; };
		AB7F3349251B6D3800669EED /* Assets.xcassets */ = {isa = PBXFileReference; lastKnownFileType = folder.assetcatalog; path = Assets.xcassets; sourceTree = "<group>"; };
		AB7F334C251B6D3800669EED /* Base */ = {isa = PBXFileReference; lastKnownFileType = file.storyboard; name = Base; path = Base.lproj/LaunchScreen.storyboard; sourceTree = "<group>"; };
		AB7F334E251B6D3800669EED /* Info.plist */ = {isa = PBXFileReference; lastKnownFileType = text.plist.xml; path = Info.plist; sourceTree = "<group>"; };
		AB7F3355251B6DAA00669EED /* Constants.swift */ = {isa = PBXFileReference; lastKnownFileType = sourcecode.swift; path = Constants.swift; sourceTree = "<group>"; };
/* End PBXFileReference section */

/* Begin PBXFrameworksBuildPhase section */
		AB7F333A251B6D3600669EED /* Frameworks */ = {
			isa = PBXFrameworksBuildPhase;
			buildActionMask = 2147483647;
			files = (
			);
			runOnlyForDeploymentPostprocessing = 0;
		};
/* End PBXFrameworksBuildPhase section */

/* Begin PBXGroup section */
		AB7F3334251B6D3600669EED = {
			isa = PBXGroup;
			children = (
				AB7F333F251B6D3600669EED /* TodoList-ISO13 */,
				AB7F333E251B6D3600669EED /* Products */,
			);
			sourceTree = "<group>";
		};
		AB7F333E251B6D3600669EED /* Products */ = {
			isa = PBXGroup;
			children = (
				AB7F333D251B6D3600669EED /* TodoList-ISO13.app */,
			);
			name = Products;
			sourceTree = "<group>";
		};
		AB7F333F251B6D3600669EED /* TodoList-ISO13 */ = {
			isa = PBXGroup;
			children = (
				AB7F3340251B6D3600669EED /* AppDelegate.swift */,
				AB7F3342251B6D3600669EED /* SceneDelegate.swift */,
				AB7F3344251B6D3600669EED /* TodoListTableViewController.swift */,
				AB7F3346251B6D3600669EED /* Main.storyboard */,
				AB7F3349251B6D3800669EED /* Assets.xcassets */,
				AB7F334B251B6D3800669EED /* LaunchScreen.storyboard */,
				AB7F334E251B6D3800669EED /* Info.plist */,
				AB7F3355251B6DAA00669EED /* Constants.swift */,
			);
			path = "TodoList-ISO13";
			sourceTree = "<group>";
		};
/* End PBXGroup section */

/* Begin PBXNativeTarget section */
		AB7F333C251B6D3600669EED /* TodoList-ISO13 */ = {
			isa = PBXNativeTarget;
			buildConfigurationList = AB7F3351251B6D3800669EED /* Build configuration list for PBXNativeTarget "TodoList-ISO13" */;
			buildPhases = (
				AB7F3339251B6D3600669EED /* Sources */,
				AB7F333A251B6D3600669EED /* Frameworks */,
				AB7F333B251B6D3600669EED /* Resources */,
			);
			buildRules = (
			);
			dependencies = (
			);
			name = "TodoList-ISO13";
			productName = "TodoList-ISO13";
			productReference = AB7F333D251B6D3600669EED /* TodoList-ISO13.app */;
			productType = "com.apple.product-type.application";
		};
/* End PBXNativeTarget section */

/* Begin PBXProject section */
		AB7F3335251B6D3600669EED /* Project object */ = {
			isa = PBXProject;
			attributes = {
				LastSwiftUpdateCheck = 1200;
				LastUpgradeCheck = 1200;
				TargetAttributes = {
					AB7F333C251B6D3600669EED = {
						CreatedOnToolsVersion = 12.0;
					};
				};
			};
			buildConfigurationList = AB7F3338251B6D3600669EED /* Build configuration list for PBXProject "TodoList-ISO13" */;
			compatibilityVersion = "Xcode 9.3";
			developmentRegion = en;
			hasScannedForEncodings = 0;
			knownRegions = (
				en,
				Base,
			);
			mainGroup = AB7F3334251B6D3600669EED;
			productRefGroup = AB7F333E251B6D3600669EED /* Products */;
			projectDirPath = "";
			projectRoot = "";
			targets = (
				AB7F333C251B6D3600669EED /* TodoList-ISO13 */,
			);
		};
/* End PBXProject section */

/* Begin PBXResourcesBuildPhase section */
		AB7F333B251B6D3600669EED /* Resources */ = {
			isa = PBXResourcesBuildPhase;
			buildActionMask = 2147483647;
			files = (
				AB7F334D251B6D3800669EED /* LaunchScreen.storyboard in Resources */,
				AB7F334A251B6D3800669EED /* Assets.xcassets in Resources */,
				AB7F3348251B6D3600669EED /* Main.storyboard in Resources */,
			);
			runOnlyForDeploymentPostprocessing = 0;
		};
/* End PBXResourcesBuildPhase section */

/* Begin PBXSourcesBuildPhase section */
		AB7F3339251B6D3600669EED /* Sources */ = {
			isa = PBXSourcesBuildPhase;
			buildActionMask = 2147483647;
			files = (
				AB7F3345251B6D3600669EED /* TodoListTableViewController.swift in Sources */,
				AB7F3341251B6D3600669EED /* AppDelegate.swift in Sources */,
				AB7F3343251B6D3600669EED /* SceneDelegate.swift in Sources */,
				AB7F3356251B6DAA00669EED /* Constants.swift in Sources */,
			);
			runOnlyForDeploymentPostprocessing = 0;
		};
/* End PBXSourcesBuildPhase section */

/* Begin PBXVariantGroup section */
		AB7F3346251B6D3600669EED /* Main.storyboard */ = {
			isa = PBXVariantGroup;
			children = (
				AB7F3347251B6D3600669EED /* Base */,
			);
			name = Main.storyboard;
			sourceTree = "<group>";
		};
		AB7F334B251B6D3800669EED /* LaunchScreen.storyboard */ = {
			isa = PBXVariantGroup;
			children = (
				AB7F334C251B6D3800669EED /* Base */,
			);
			name = LaunchScreen.storyboard;
			sourceTree = "<group>";
		};
/* End PBXVariantGroup section */

/* Begin XCBuildConfiguration section */
		AB7F334F251B6D3800669EED /* Debug */ = {
			isa = XCBuildConfiguration;
			buildSettings = {
				ALWAYS_SEARCH_USER_PATHS = NO;
				CLANG_ANALYZER_NONNULL = YES;
				CLANG_ANALYZER_NUMBER_OBJECT_CONVERSION = YES_AGGRESSIVE;
				CLANG_CXX_LANGUAGE_STANDARD = "gnu++14";
				CLANG_CXX_LIBRARY = "libc++";
				CLANG_ENABLE_MODULES = YES;
				CLANG_ENABLE_OBJC_ARC = YES;
				CLANG_ENABLE_OBJC_WEAK = YES;
				CLANG_WARN_BLOCK_CAPTURE_AUTORELEASING = YES;
				CLANG_WARN_BOOL_CONVERSION = YES;
				CLANG_WARN_COMMA = YES;
				CLANG_WARN_CONSTANT_CONVERSION = YES;
				CLANG_WARN_DEPRECATED_OBJC_IMPLEMENTATIONS = YES;
				CLANG_WARN_DIRECT_OBJC_ISA_USAGE = YES_ERROR;
				CLANG_WARN_DOCUMENTATION_COMMENTS = YES;
				CLANG_WARN_EMPTY_BODY = YES;
				CLANG_WARN_ENUM_CONVERSION = YES;
				CLANG_WARN_INFINITE_RECURSION = YES;
				CLANG_WARN_INT_CONVERSION = YES;
				CLANG_WARN_NON_LITERAL_NULL_CONVERSION = YES;
				CLANG_WARN_OBJC_IMPLICIT_RETAIN_SELF = YES;
				CLANG_WARN_OBJC_LITERAL_CONVERSION = YES;
				CLANG_WARN_OBJC_ROOT_CLASS = YES_ERROR;
				CLANG_WARN_QUOTED_INCLUDE_IN_FRAMEWORK_HEADER = YES;
				CLANG_WARN_RANGE_LOOP_ANALYSIS = YES;
				CLANG_WARN_STRICT_PROTOTYPES = YES;
				CLANG_WARN_SUSPICIOUS_MOVE = YES;
				CLANG_WARN_UNGUARDED_AVAILABILITY = YES_AGGRESSIVE;
				CLANG_WARN_UNREACHABLE_CODE = YES;
				CLANG_WARN__DUPLICATE_METHOD_MATCH = YES;
				COPY_PHASE_STRIP = NO;
				DEBUG_INFORMATION_FORMAT = dwarf;
				ENABLE_STRICT_OBJC_MSGSEND = YES;
				ENABLE_TESTABILITY = YES;
				GCC_C_LANGUAGE_STANDARD = gnu11;
				GCC_DYNAMIC_NO_PIC = NO;
				GCC_NO_COMMON_BLOCKS = YES;
				GCC_OPTIMIZATION_LEVEL = 0;
				GCC_PREPROCESSOR_DEFINITIONS = (
					"DEBUG=1",
					"$(inherited)",
				);
				GCC_WARN_64_TO_32_BIT_CONVERSION = YES;
				GCC_WARN_ABOUT_RETURN_TYPE = YES_ERROR;
				GCC_WARN_UNDECLARED_SELECTOR = YES;
				GCC_WARN_UNINITIALIZED_AUTOS = YES_AGGRESSIVE;
				GCC_WARN_UNUSED_FUNCTION = YES;
				GCC_WARN_UNUSED_VARIABLE = YES;
				IPHONEOS_DEPLOYMENT_TARGET = 14.0;
				MTL_ENABLE_DEBUG_INFO = INCLUDE_SOURCE;
				MTL_FAST_MATH = YES;
				ONLY_ACTIVE_ARCH = YES;
				SDKROOT = iphoneos;
				SWIFT_ACTIVE_COMPILATION_CONDITIONS = DEBUG;
				SWIFT_OPTIMIZATION_LEVEL = "-Onone";
			};
			name = Debug;
		};
		AB7F3350251B6D3800669EED /* Release */ = {
			isa = XCBuildConfiguration;
			buildSettings = {
				ALWAYS_SEARCH_USER_PATHS = NO;
				CLANG_ANALYZER_NONNULL = YES;
				CLANG_ANALYZER_NUMBER_OBJECT_CONVERSION = YES_AGGRESSIVE;
				CLANG_CXX_LANGUAGE_STANDARD = "gnu++14";
				CLANG_CXX_LIBRARY = "libc++";
				CLANG_ENABLE_MODULES = YES;
				CLANG_ENABLE_OBJC_ARC = YES;
				CLANG_ENABLE_OBJC_WEAK = YES;
				CLANG_WARN_BLOCK_CAPTURE_AUTORELEASING = YES;
				CLANG_WARN_BOOL_CONVERSION = YES;
				CLANG_WARN_COMMA = YES;
				CLANG_WARN_CONSTANT_CONVERSION = YES;
				CLANG_WARN_DEPRECATED_OBJC_IMPLEMENTATIONS = YES;
				CLANG_WARN_DIRECT_OBJC_ISA_USAGE = YES_ERROR;
				CLANG_WARN_DOCUMENTATION_COMMENTS = YES;
				CLANG_WARN_EMPTY_BODY = YES;
				CLANG_WARN_ENUM_CONVERSION = YES;
				CLANG_WARN_INFINITE_RECURSION = YES;
				CLANG_WARN_INT_CONVERSION = YES;
				CLANG_WARN_NON_LITERAL_NULL_CONVERSION = YES;
				CLANG_WARN_OBJC_IMPLICIT_RETAIN_SELF = YES;
				CLANG_WARN_OBJC_LITERAL_CONVERSION = YES;
				CLANG_WARN_OBJC_ROOT_CLASS = YES_ERROR;
				CLANG_WARN_QUOTED_INCLUDE_IN_FRAMEWORK_HEADER = YES;
				CLANG_WARN_RANGE_LOOP_ANALYSIS = YES;
				CLANG_WARN_STRICT_PROTOTYPES = YES;
				CLANG_WARN_SUSPICIOUS_MOVE = YES;
				CLANG_WARN_UNGUARDED_AVAILABILITY = YES_AGGRESSIVE;
				CLANG_WARN_UNREACHABLE_CODE = YES;
				CLANG_WARN__DUPLICATE_METHOD_MATCH = YES;
				COPY_PHASE_STRIP = NO;
				DEBUG_INFORMATION_FORMAT = "dwarf-with-dsym";
				ENABLE_NS_ASSERTIONS = NO;
				ENABLE_STRICT_OBJC_MSGSEND = YES;
				GCC_C_LANGUAGE_STANDARD = gnu11;
				GCC_NO_COMMON_BLOCKS = YES;
				GCC_WARN_64_TO_32_BIT_CONVERSION = YES;
				GCC_WARN_ABOUT_RETURN_TYPE = YES_ERROR;
				GCC_WARN_UNDECLARED_SELECTOR = YES;
				GCC_WARN_UNINITIALIZED_AUTOS = YES_AGGRESSIVE;
				GCC_WARN_UNUSED_FUNCTION = YES;
				GCC_WARN_UNUSED_VARIABLE = YES;
				IPHONEOS_DEPLOYMENT_TARGET = 14.0;
				MTL_ENABLE_DEBUG_INFO = NO;
				MTL_FAST_MATH = YES;
				SDKROOT = iphoneos;
				SWIFT_COMPILATION_MODE = wholemodule;
				SWIFT_OPTIMIZATION_LEVEL = "-O";
				VALIDATE_PRODUCT = YES;
			};
			name = Release;
		};
		AB7F3352251B6D3800669EED /* Debug */ = {
			isa = XCBuildConfiguration;
			buildSettings = {
				ASSETCATALOG_COMPILER_APPICON_NAME = AppIcon;
				ASSETCATALOG_COMPILER_GLOBAL_ACCENT_COLOR_NAME = AccentColor;
				CODE_SIGN_STYLE = Automatic;
				INFOPLIST_FILE = "TodoList-ISO13/Info.plist";
				LD_RUNPATH_SEARCH_PATHS = (
					"$(inherited)",
					"@executable_path/Frameworks",
				);
				PRODUCT_BUNDLE_IDENTIFIER = "com.wgoweb.TodoList-ISO13";
				PRODUCT_NAME = "$(TARGET_NAME)";
				SWIFT_VERSION = 5.0;
				TARGETED_DEVICE_FAMILY = "1,2";
			};
			name = Debug;
		};
		AB7F3353251B6D3800669EED /* Release */ = {
			isa = XCBuildConfiguration;
			buildSettings = {
				ASSETCATALOG_COMPILER_APPICON_NAME = AppIcon;
				ASSETCATALOG_COMPILER_GLOBAL_ACCENT_COLOR_NAME = AccentColor;
				CODE_SIGN_STYLE = Automatic;
				INFOPLIST_FILE = "TodoList-ISO13/Info.plist";
				LD_RUNPATH_SEARCH_PATHS = (
					"$(inherited)",
					"@executable_path/Frameworks",
				);
				PRODUCT_BUNDLE_IDENTIFIER = "com.wgoweb.TodoList-ISO13";
				PRODUCT_NAME = "$(TARGET_NAME)";
				SWIFT_VERSION = 5.0;
				TARGETED_DEVICE_FAMILY = "1,2";
			};
			name = Release;
		};
/* End XCBuildConfiguration section */

/* Begin XCConfigurationList section */
		AB7F3338251B6D3600669EED /* Build configuration list for PBXProject "TodoList-ISO13" */ = {
			isa = XCConfigurationList;
			buildConfigurations = (
				AB7F334F251B6D3800669EED /* Debug */,
				AB7F3350251B6D3800669EED /* Release */,
			);
			defaultConfigurationIsVisible = 0;
			defaultConfigurationName = Release;
		};
		AB7F3351251B6D3800669EED /* Build configuration list for PBXNativeTarget "TodoList-ISO13" */ = {
			isa = XCConfigurationList;
			buildConfigurations = (
				AB7F3352251B6D3800669EED /* Debug */,
				AB7F3353251B6D3800669EED /* Release */,
			);
			defaultConfigurationIsVisible = 0;
			defaultConfigurationName = Release;
		};
/* End XCConfigurationList section */
	};
	rootObject = AB7F3335251B6D3600669EED /* Project object */;
}
